{
  "name": "employee-scheduler-app",
  "requires": true,
  "lockfileVersion": 1,
  "dependencies": {
    "fullcalendar": {
      "version": "3.4.0",
      "resolved": "https://registry.npmjs.org/fullcalendar/-/fullcalendar-3.4.0.tgz",
      "integrity": "sha1-NNq/8qvl6F9wAlx4mludw+pMR2I=",
      "requires": {
        "jquery": "3.2.1",
        "moment": "2.18.1"
      }
    },
    "jquery": {
      "version": "3.2.1",
      "resolved": "https://registry.npmjs.org/jquery/-/jquery-3.2.1.tgz",
      "integrity": "sha1-XE2d5lKvbNCncBVKYxu6ErAVx4c="
    },
    "moment": {
      "version": "2.18.1",
      "resolved": "https://registry.npmjs.org/moment/-/moment-2.18.1.tgz",
      "integrity": "sha1-w2GT3Tzhwu7SrbfIAtu8d6gbHA8="
    },
    "popper.js": {
      "version": "1.10.8",
      "resolved": "https://registry.npmjs.org/popper.js/-/popper.js-1.10.8.tgz",
      "integrity": "sha512-2LbS9yubeRwcRhThjGGcuKUHS5oGDxDRdYa+tBVjvwKBh7BBaNyALysYIJogCqTfQzOVtng8Z2TvaaSuYZtW8w=="
    },
    "vue": {
      "version": "2.4.1",
      "resolved": "https://registry.npmjs.org/vue/-/vue-2.4.1.tgz",
      "integrity": "sha512-V/3mbqPeXJf+AEdm2Qdrho8ADjN2/Th+q7abrDqQrGaERgtlGPLe8SRLDzJ2eNEV4Gh+L8T/vfbxb2sLUfwYbA=="
    },
    "vue-full-calendar": {
      "version": "2.0.2",
      "resolved": "https://registry.npmjs.org/vue-full-calendar/-/vue-full-calendar-2.0.2.tgz",
      "integrity": "sha1-C4KYPV81XbjhIdN+b6xABGthYuU=",
      "requires": {
        "fullcalendar": "3.4.0"
      }
    },
    "vue-js-modal": {
      "version": "1.2.4",
      "resolved": "https://registry.npmjs.org/vue-js-modal/-/vue-js-modal-1.2.4.tgz",
      "integrity": "sha512-aUWN3M3duEwhcoEXiz5ZVWGFNJU28nnAOxMKWiD5+LkM7j41iOaqvx6+7goMjQMrdZZ2UwWaXTOK7X71MhsqIg=="
    },
    "vue-popperjs": {
      "version": "1.1.2",
      "resolved": "https://registry.npmjs.org/vue-popperjs/-/vue-popperjs-1.1.2.tgz",
      "integrity": "sha512-KBdV3ht/Dln33lxPjunPKyr9is1/TH9GTYtBKxFYKmI141xyDSZ0+CNzW7BxHpWH3n6Co0ehR0CZizTSxn+FDA==",
      "requires": {
        "popper.js": "1.10.8",
        "vue": "2.4.1"
      }
    }
  }
}
